
Microsoft Visual Studio Solution File, Format Version 12.00
# Visual Studio Version 17
VisualStudioVersion = 17.0.31903.59
MinimumVisualStudioVersion = 10.0.40219.1
Project("{9A19103F-16F7-4668-BE54-9A1E7A4F7556}") = "MTTools", "MT_Tools\MTTools.csproj", "{F359BEBA-DD81-4703-BFCF-6F9322319E9C}"
EndProject
Project("{9A19103F-16F7-4668-BE54-9A1E7A4F7556}") = "BinaryUtils", "BinaryUtils\BinaryUtils.csproj", "{1A510F75-4B48-43B9-AEBA-87BB964D23FA}"
EndProject
Project("{9A19103F-16F7-4668-BE54-9A1E7A4F7556}") = "AceAttoney.Android.MTSuite.GUI", "AceAttoney.Android.MTSuite.GUI\AceAttoney.Android.MTSuite.GUI.csproj", "{4AEA1ECE-31BB-4F37-AE66-649A36FAD3C0}"
EndProject
Global
	GlobalSection(SolutionConfigurationPlatforms) = preSolution
		Debug|Any CPU = Debug|Any CPU
		Release|Any CPU = Release|Any CPU
	EndGlobalSection
	GlobalSection(ProjectConfigurationPlatforms) = postSolution
		{F359BEBA-DD81-4703-BFCF-6F9322319E9C}.Debug|Any CPU.ActiveCfg = Debug|Any CPU
		{F359BEBA-DD81-4703-BFCF-6F9322319E9C}.Debug|Any CPU.Build.0 = Debug|Any CPU
		{F359BEBA-DD81-4703-BFCF-6F9322319E9C}.Release|Any CPU.ActiveCfg = Release|Any CPU
		{F359BEBA-DD81-4703-BFCF-6F9322319E9C}.Release|Any CPU.Build.0 = Release|Any CPU
		{1A510F75-4B48-43B9-AEBA-87BB964D23FA}.Debug|Any CPU.ActiveCfg = Debug|Any CPU
		{1A510F75-4B48-43B9-AEBA-87BB964D23FA}.Debug|Any CPU.Build.0 = Debug|Any CPU
		{1A510F75-4B48-43B9-AEBA-87BB964D23FA}.Release|Any CPU.ActiveCfg = Release|Any CPU
		{1A510F75-4B48-43B9-AEBA-87BB964D23FA}.Release|Any CPU.Build.0 = Release|Any CPU
		{4AEA1ECE-31BB-4F37-AE66-649A36FAD3C0}.Debug|Any CPU.ActiveCfg = Debug|Any CPU
		{4AEA1ECE-31BB-4F37-AE66-649A36FAD3C0}.Debug|Any CPU.Build.0 = Debug|Any CPU
		{4AEA1ECE-31BB-4F37-AE66-649A36FAD3C0}.Release|Any CPU.ActiveCfg = Release|Any CPU
		{4AEA1ECE-31BB-4F37-AE66-649A36FAD3C0}.Release|Any CPU.Build.0 = Release|Any CPU
	EndGlobalSection
	GlobalSection(SolutionProperties) = preSolution
		HideSolutionNode = FALSE
	EndGlobalSection
	GlobalSection(ExtensibilityGlobals) = postSolution
		SolutionGuid = {8FA9AEC8-A3AE-48B7-AEC7-04B3052967D4}
	EndGlobalSection
EndGlobal
